// !$*UTF8*$!
{
	archiveVersion = 1;
	classes = {
	};
	objectVersion = 50;
	objects = {

/* Begin PBXBuildFile section */
		A0AF000B211D7623004461A9 /* Constants.swift in Sources */ = {isa = PBXBuildFile; fileRef = A0AF000A211D7623004461A9 /* Constants.swift */; };
		A0AF000D211D7C29004461A9 /* RegionClimateVC.swift in Sources */ = {isa = PBXBuildFile; fileRef = A0AF000C211D7C29004461A9 /* RegionClimateVC.swift */; };
		A0AF000F211D7C6A004461A9 /* MapVC.swift in Sources */ = {isa = PBXBuildFile; fileRef = A0AF000E211D7C6A004461A9 /* MapVC.swift */; };
		A0AF0011211D7C84004461A9 /* ArticleVC.swift in Sources */ = {isa = PBXBuildFile; fileRef = A0AF0010211D7C84004461A9 /* ArticleVC.swift */; };
		A0AF0014211D8103004461A9 /* CustomAlertView.swift in Sources */ = {isa = PBXBuildFile; fileRef = A0AF0013211D8102004461A9 /* CustomAlertView.swift */; };
		A0AF0018211D91A6004461A9 /* LocationManager.swift in Sources */ = {isa = PBXBuildFile; fileRef = A0AF0017211D91A6004461A9 /* LocationManager.swift */; };
		A0AF001D211D9210004461A9 /* MapModel.swift in Sources */ = {isa = PBXBuildFile; fileRef = A0AF001C211D9210004461A9 /* MapModel.swift */; };
		A0AF0022211D954A004461A9 /* Localizable.strings in Resources */ = {isa = PBXBuildFile; fileRef = A0AF0021211D954A004461A9 /* Localizable.strings */; };
		A0AF0025211DA801004461A9 /* WebService.swift in Sources */ = {isa = PBXBuildFile; fileRef = A0AF0024211DA801004461A9 /* WebService.swift */; };
		C2F9C1C0F46BB5C01CAB1D1F /* Pods_KisanHubAssignment.framework in Frameworks */ = {isa = PBXBuildFile; fileRef = 08633618EE40DE2547ACC6E3 /* Pods_KisanHubAssignment.framework */; };
		FCE4341E211CC2EE0046790A /* AppDelegate.swift in Sources */ = {isa = PBXBuildFile; fileRef = FCE4341D211CC2EE0046790A /* AppDelegate.swift */; };
		FCE43420211CC2EE0046790A /* ContentVC.swift in Sources */ = {isa = PBXBuildFile; fileRef = FCE4341F211CC2EE0046790A /* ContentVC.swift */; };
		FCE43423211CC2EE0046790A /* Main.storyboard in Resources */ = {isa = PBXBuildFile; fileRef = FCE43421211CC2EE0046790A /* Main.storyboard */; };
		FCE43426211CC2EE0046790A /* KisanHubAssignment.xcdatamodeld in Sources */ = {isa = PBXBuildFile; fileRef = FCE43424211CC2EE0046790A /* KisanHubAssignment.xcdatamodeld */; };
		FCE43428211CC2F00046790A /* Assets.xcassets in Resources */ = {isa = PBXBuildFile; fileRef = FCE43427211CC2F00046790A /* Assets.xcassets */; };
		FCE4342B211CC2F00046790A /* LaunchScreen.storyboard in Resources */ = {isa = PBXBuildFile; fileRef = FCE43429211CC2F00046790A /* LaunchScreen.storyboard */; };
		FCE6B018211F0E2A009612EE /* ArticleTableViewCell.swift in Sources */ = {isa = PBXBuildFile; fileRef = FCE6B017211F0E2A009612EE /* ArticleTableViewCell.swift */; };
		FCE6B01B211F113E009612EE /* CardView.swift in Sources */ = {isa = PBXBuildFile; fileRef = FCE6B01A211F113E009612EE /* CardView.swift */; };
/* End PBXBuildFile section */

/* Begin PBXFileReference section */
		08633618EE40DE2547ACC6E3 /* Pods_KisanHubAssignment.framework */ = {isa = PBXFileReference; explicitFileType = wrapper.framework; includeInIndex = 0; path = Pods_KisanHubAssignment.framework; sourceTree = BUILT_PRODUCTS_DIR; };
		A0AF000A211D7623004461A9 /* Constants.swift */ = {isa = PBXFileReference; lastKnownFileType = sourcecode.swift; path = Constants.swift; sourceTree = "<group>"; };
		A0AF000C211D7C29004461A9 /* RegionClimateVC.swift */ = {isa = PBXFileReference; lastKnownFileType = sourcecode.swift; path = RegionClimateVC.swift; sourceTree = "<group>"; };
		A0AF000E211D7C6A004461A9 /* MapVC.swift */ = {isa = PBXFileReference; lastKnownFileType = sourcecode.swift; path = MapVC.swift; sourceTree = "<group>"; };
		A0AF0010211D7C84004461A9 /* ArticleVC.swift */ = {isa = PBXFileReference; lastKnownFileType = sourcecode.swift; path = ArticleVC.swift; sourceTree = "<group>"; };
		A0AF0013211D8102004461A9 /* CustomAlertView.swift */ = {isa = PBXFileReference; fileEncoding = 4; lastKnownFileType = sourcecode.swift; path = CustomAlertView.swift; sourceTree = "<group>"; };
		A0AF0017211D91A6004461A9 /* LocationManager.swift */ = {isa = PBXFileReference; fileEncoding = 4; lastKnownFileType = sourcecode.swift; path = LocationManager.swift; sourceTree = "<group>"; };
		A0AF001C211D9210004461A9 /* MapModel.swift */ = {isa = PBXFileReference; fileEncoding = 4; lastKnownFileType = sourcecode.swift; path = MapModel.swift; sourceTree = "<group>"; };
		A0AF0021211D954A004461A9 /* Localizable.strings */ = {isa = PBXFileReference; lastKnownFileType = text.plist.strings; path = Localizable.strings; sourceTree = "<group>"; };
		A0AF0024211DA801004461A9 /* WebService.swift */ = {isa = PBXFileReference; fileEncoding = 4; lastKnownFileType = sourcecode.swift; path = WebService.swift; sourceTree = "<group>"; };
		C2E905C4030A423B8308BC2A /* Pods-KisanHubAssignment.debug.xcconfig */ = {isa = PBXFileReference; includeInIndex = 1; lastKnownFileType = text.xcconfig; name = "Pods-KisanHubAssignment.debug.xcconfig"; path = "Pods/Target Support Files/Pods-KisanHubAssignment/Pods-KisanHubAssignment.debug.xcconfig"; sourceTree = "<group>"; };
		D653A1827D1EDBBC29689313 /* Pods-KisanHubAssignment.release.xcconfig */ = {isa = PBXFileReference; includeInIndex = 1; lastKnownFileType = text.xcconfig; name = "Pods-KisanHubAssignment.release.xcconfig"; path = "Pods/Target Support Files/Pods-KisanHubAssignment/Pods-KisanHubAssignment.release.xcconfig"; sourceTree = "<group>"; };
		FCE4341A211CC2EE0046790A /* KisanHubAssignment.app */ = {isa = PBXFileReference; explicitFileType = wrapper.application; includeInIndex = 0; path = KisanHubAssignment.app; sourceTree = BUILT_PRODUCTS_DIR; };
		FCE4341D211CC2EE0046790A /* AppDelegate.swift */ = {isa = PBXFileReference; lastKnownFileType = sourcecode.swift; path = AppDelegate.swift; sourceTree = "<group>"; };
		FCE4341F211CC2EE0046790A /* ContentVC.swift */ = {isa = PBXFileReference; lastKnownFileType = sourcecode.swift; path = ContentVC.swift; sourceTree = "<group>"; };
		FCE43422211CC2EE0046790A /* Base */ = {isa = PBXFileReference; lastKnownFileType = file.storyboard; name = Base; path = Base.lproj/Main.storyboard; sourceTree = "<group>"; };
		FCE43425211CC2EE0046790A /* KisanHubAssignment.xcdatamodel */ = {isa = PBXFileReference; lastKnownFileType = wrapper.xcdatamodel; path = KisanHubAssignment.xcdatamodel; sourceTree = "<group>"; };
		FCE43427211CC2F00046790A /* Assets.xcassets */ = {isa = PBXFileReference; lastKnownFileType = folder.assetcatalog; path = Assets.xcassets; sourceTree = "<group>"; };
		FCE4342A211CC2F00046790A /* Base */ = {isa = PBXFileReference; lastKnownFileType = file.storyboard; name = Base; path = Base.lproj/LaunchScreen.storyboard; sourceTree = "<group>"; };
		FCE4342C211CC2F00046790A /* Info.plist */ = {isa = PBXFileReference; lastKnownFileType = text.plist.xml; path = Info.plist; sourceTree = "<group>"; };
		FCE6B017211F0E2A009612EE /* ArticleTableViewCell.swift */ = {isa = PBXFileReference; lastKnownFileType = sourcecode.swift; path = ArticleTableViewCell.swift; sourceTree = "<group>"; };
		FCE6B01A211F113E009612EE /* CardView.swift */ = {isa = PBXFileReference; lastKnownFileType = sourcecode.swift; path = CardView.swift; sourceTree = "<group>"; };
/* End PBXFileReference section */

/* Begin PBXFrameworksBuildPhase section */
		FCE43417211CC2ED0046790A /* Frameworks */ = {
			isa = PBXFrameworksBuildPhase;
			buildActionMask = 2147483647;
			files = (
				C2F9C1C0F46BB5C01CAB1D1F /* Pods_KisanHubAssignment.framework in Frameworks */,
			);
			runOnlyForDeploymentPostprocessing = 0;
		};
/* End PBXFrameworksBuildPhase section */

/* Begin PBXGroup section */
		85DB59698442F8C5141BFE20 /* Pods */ = {
			isa = PBXGroup;
			children = (
				C2E905C4030A423B8308BC2A /* Pods-KisanHubAssignment.debug.xcconfig */,
				D653A1827D1EDBBC29689313 /* Pods-KisanHubAssignment.release.xcconfig */,
			);
			name = Pods;
			sourceTree = "<group>";
		};
		90EB86225789AEA37A4D758D /* Frameworks */ = {
			isa = PBXGroup;
			children = (
				08633618EE40DE2547ACC6E3 /* Pods_KisanHubAssignment.framework */,
			);
			name = Frameworks;
			sourceTree = "<group>";
		};
		A0AF0002211D7333004461A9 /* Model */ = {
			isa = PBXGroup;
			children = (
				A0AF001C211D9210004461A9 /* MapModel.swift */,
			);
			path = Model;
			sourceTree = "<group>";
		};
		A0AF0003211D7339004461A9 /* View */ = {
			isa = PBXGroup;
			children = (
				FCE43421211CC2EE0046790A /* Main.storyboard */,
				FCE6B016211F0DE5009612EE /* Cell */,
			);
			path = View;
			sourceTree = "<group>";
		};
		A0AF0004211D733D004461A9 /* Controllers */ = {
			isa = PBXGroup;
			children = (
				A0AF0009211D75F5004461A9 /* Constants */,
				FCE4341F211CC2EE0046790A /* ContentVC.swift */,
				A0AF000C211D7C29004461A9 /* RegionClimateVC.swift */,
				A0AF000E211D7C6A004461A9 /* MapVC.swift */,
				A0AF0010211D7C84004461A9 /* ArticleVC.swift */,
			);
			path = Controllers;
			sourceTree = "<group>";
		};
		A0AF0005211D7342004461A9 /* Custom Classes */ = {
			isa = PBXGroup;
			children = (
				FCE6B019211F112B009612EE /* CardView */,
				A0AF0012211D8102004461A9 /* CustomAlertView */,
			);
			path = "Custom Classes";
			sourceTree = "<group>";
		};
		A0AF0009211D75F5004461A9 /* Constants */ = {
			isa = PBXGroup;
			children = (
				A0AF000A211D7623004461A9 /* Constants.swift */,
			);
			name = Constants;
			path = "New Group";
			sourceTree = "<group>";
		};
		A0AF0012211D8102004461A9 /* CustomAlertView */ = {
			isa = PBXGroup;
			children = (
				A0AF0013211D8102004461A9 /* CustomAlertView.swift */,
			);
			path = CustomAlertView;
			sourceTree = "<group>";
		};
		A0AF0015211D918D004461A9 /* Helper */ = {
			isa = PBXGroup;
			children = (
				A0AF0023211DA801004461A9 /* WebServices */,
				A0AF0016211D91A6004461A9 /* LocationManager */,
			);
			path = Helper;
			sourceTree = "<group>";
		};
		A0AF0016211D91A6004461A9 /* LocationManager */ = {
			isa = PBXGroup;
			children = (
				A0AF0017211D91A6004461A9 /* LocationManager.swift */,
			);
			path = LocationManager;
			sourceTree = "<group>";
		};
		A0AF0023211DA801004461A9 /* WebServices */ = {
			isa = PBXGroup;
			children = (
				A0AF0024211DA801004461A9 /* WebService.swift */,
			);
			path = WebServices;
			sourceTree = "<group>";
		};
		FCE43411211CC2ED0046790A = {
			isa = PBXGroup;
			children = (
				FCE4341C211CC2EE0046790A /* KisanHubAssignment */,
				FCE4341B211CC2EE0046790A /* Products */,
				85DB59698442F8C5141BFE20 /* Pods */,
				90EB86225789AEA37A4D758D /* Frameworks */,
			);
			sourceTree = "<group>";
		};
		FCE4341B211CC2EE0046790A /* Products */ = {
			isa = PBXGroup;
			children = (
				FCE4341A211CC2EE0046790A /* KisanHubAssignment.app */,
			);
			name = Products;
			sourceTree = "<group>";
		};
		FCE4341C211CC2EE0046790A /* KisanHubAssignment */ = {
			isa = PBXGroup;
			children = (
				FCE4341D211CC2EE0046790A /* AppDelegate.swift */,
				A0AF0015211D918D004461A9 /* Helper */,
				A0AF0002211D7333004461A9 /* Model */,
				A0AF0003211D7339004461A9 /* View */,
				A0AF0004211D733D004461A9 /* Controllers */,
				A0AF0005211D7342004461A9 /* Custom Classes */,
				FCE43427211CC2F00046790A /* Assets.xcassets */,
				FCE43429211CC2F00046790A /* LaunchScreen.storyboard */,
				FCE4342C211CC2F00046790A /* Info.plist */,
				A0AF0021211D954A004461A9 /* Localizable.strings */,
				FCE43424211CC2EE0046790A /* KisanHubAssignment.xcdatamodeld */,
			);
			path = KisanHubAssignment;
			sourceTree = "<group>";
		};
		FCE6B016211F0DE5009612EE /* Cell */ = {
			isa = PBXGroup;
			children = (
				FCE6B017211F0E2A009612EE /* ArticleTableViewCell.swift */,
			);
			path = Cell;
			sourceTree = "<group>";
		};
		FCE6B019211F112B009612EE /* CardView */ = {
			isa = PBXGroup;
			children = (
				FCE6B01A211F113E009612EE /* CardView.swift */,
			);
			path = CardView;
			sourceTree = "<group>";
		};
/* End PBXGroup section */

/* Begin PBXNativeTarget section */
		FCE43419211CC2ED0046790A /* KisanHubAssignment */ = {
			isa = PBXNativeTarget;
			buildConfigurationList = FCE4342F211CC2F00046790A /* Build configuration list for PBXNativeTarget "KisanHubAssignment" */;
			buildPhases = (
				57607BD30BEE17BC899DE9C0 /* [CP] Check Pods Manifest.lock */,
				FCE43416211CC2ED0046790A /* Sources */,
				FCE43417211CC2ED0046790A /* Frameworks */,
				FCE43418211CC2ED0046790A /* Resources */,
				AF6AE3727FE7693B387B0E74 /* [CP] Embed Pods Frameworks */,
				D08DD4F30DB1158EB89AB3D6 /* [CP] Copy Pods Resources */,
			);
			buildRules = (
			);
			dependencies = (
			);
			name = KisanHubAssignment;
			productName = KisanHubAssignment;
			productReference = FCE4341A211CC2EE0046790A /* KisanHubAssignment.app */;
			productType = "com.apple.product-type.application";
		};
/* End PBXNativeTarget section */

/* Begin PBXProject section */
		FCE43412211CC2ED0046790A /* Project object */ = {
			isa = PBXProject;
			attributes = {
				LastSwiftUpdateCheck = 0940;
				LastUpgradeCheck = 0940;
				ORGANIZATIONNAME = "Ashwinkumar Mangrulkar";
				TargetAttributes = {
					FCE43419211CC2ED0046790A = {
						CreatedOnToolsVersion = 9.4.1;
					};
				};
			};
			buildConfigurationList = FCE43415211CC2ED0046790A /* Build configuration list for PBXProject "KisanHubAssignment" */;
			compatibilityVersion = "Xcode 9.3";
			developmentRegion = en;
			hasScannedForEncodings = 0;
			knownRegions = (
				en,
				Base,
			);
			mainGroup = FCE43411211CC2ED0046790A;
			productRefGroup = FCE4341B211CC2EE0046790A /* Products */;
			projectDirPath = "";
			projectRoot = "";
			targets = (
				FCE43419211CC2ED0046790A /* KisanHubAssignment */,
			);
		};
/* End PBXProject section */

/* Begin PBXResourcesBuildPhase section */
		FCE43418211CC2ED0046790A /* Resources */ = {
			isa = PBXResourcesBuildPhase;
			buildActionMask = 2147483647;
			files = (
				FCE4342B211CC2F00046790A /* LaunchScreen.storyboard in Resources */,
				A0AF0022211D954A004461A9 /* Localizable.strings in Resources */,
				FCE43428211CC2F00046790A /* Assets.xcassets in Resources */,
				FCE43423211CC2EE0046790A /* Main.storyboard in Resources */,
			);
			runOnlyForDeploymentPostprocessing = 0;
		};
/* End PBXResourcesBuildPhase section */

/* Begin PBXShellScriptBuildPhase section */
		57607BD30BEE17BC899DE9C0 /* [CP] Check Pods Manifest.lock */ = {
			isa = PBXShellScriptBuildPhase;
			buildActionMask = 2147483647;
			files = (
			);
			inputPaths = (
				"${PODS_PODFILE_DIR_PATH}/Podfile.lock",
				"${PODS_ROOT}/Manifest.lock",
			);
			name = "[CP] Check Pods Manifest.lock";
			outputPaths = (
				"$(DERIVED_FILE_DIR)/Pods-KisanHubAssignment-checkManifestLockResult.txt",
			);
			runOnlyForDeploymentPostprocessing = 0;
			shellPath = /bin/sh;
			shellScript = "diff \"${PODS_PODFILE_DIR_PATH}/Podfile.lock\" \"${PODS_ROOT}/Manifest.lock\" > /dev/null\nif [ $? != 0 ] ; then\n    # print error to STDERR\n    echo \"error: The sandbox is not in sync with the Podfile.lock. Run 'pod install' or update your CocoaPods installation.\" >&2\n    exit 1\nfi\n# This output is used by Xcode 'outputs' to avoid re-running this script phase.\necho \"SUCCESS\" > \"${SCRIPT_OUTPUT_FILE_0}\"\n";
			showEnvVarsInLog = 0;
		};
		AF6AE3727FE7693B387B0E74 /* [CP] Embed Pods Frameworks */ = {
			isa = PBXShellScriptBuildPhase;
			buildActionMask = 2147483647;
			files = (
			);
			inputPaths = (
				"${SRCROOT}/Pods/Target Support Files/Pods-KisanHubAssignment/Pods-KisanHubAssignment-frameworks.sh",
				"${BUILT_PRODUCTS_DIR}/Alamofire/Alamofire.framework",
				"${BUILT_PRODUCTS_DIR}/ReachabilitySwift/Reachability.framework",
				"${BUILT_PRODUCTS_DIR}/SVProgressHUD/SVProgressHUD.framework",
			);
			name = "[CP] Embed Pods Frameworks";
			outputPaths = (
				"${TARGET_BUILD_DIR}/${FRAMEWORKS_FOLDER_PATH}/Alamofire.framework",
				"${TARGET_BUILD_DIR}/${FRAMEWORKS_FOLDER_PATH}/Reachability.framework",
				"${TARGET_BUILD_DIR}/${FRAMEWORKS_FOLDER_PATH}/SVProgressHUD.framework",
			);
			runOnlyForDeploymentPostprocessing = 0;
			shellPath = /bin/sh;
			shellScript = "\"${SRCROOT}/Pods/Target Support Files/Pods-KisanHubAssignment/Pods-KisanHubAssignment-frameworks.sh\"\n";
			showEnvVarsInLog = 0;
		};
		D08DD4F30DB1158EB89AB3D6 /* [CP] Copy Pods Resources */ = {
			isa = PBXShellScriptBuildPhase;
			buildActionMask = 2147483647;
			files = (
			);
			inputPaths = (
				"${SRCROOT}/Pods/Target Support Files/Pods-KisanHubAssignment/Pods-KisanHubAssignment-resources.sh",
				"${PODS_ROOT}/GoogleMaps/Maps/Frameworks/GoogleMaps.framework/Resources/GoogleMaps.bundle",
			);
			name = "[CP] Copy Pods Resources";
			outputPaths = (
				"${TARGET_BUILD_DIR}/${UNLOCALIZED_RESOURCES_FOLDER_PATH}/GoogleMaps.bundle",
			);
			runOnlyForDeploymentPostprocessing = 0;
			shellPath = /bin/sh;
			shellScript = "\"${SRCROOT}/Pods/Target Support Files/Pods-KisanHubAssignment/Pods-KisanHubAssignment-resources.sh\"\n";
			showEnvVarsInLog = 0;
		};
/* End PBXShellScriptBuildPhase section */

/* Begin PBXSourcesBuildPhase section */
		FCE43416211CC2ED0046790A /* Sources */ = {
			isa = PBXSourcesBuildPhase;
			buildActionMask = 2147483647;
			files = (
				A0AF0025211DA801004461A9 /* WebService.swift in Sources */,
				FCE43420211CC2EE0046790A /* ContentVC.swift in Sources */,
				A0AF000F211D7C6A004461A9 /* MapVC.swift in Sources */,
				FCE43426211CC2EE0046790A /* KisanHubAssignment.xcdatamodeld in Sources */,
				FCE6B018211F0E2A009612EE /* ArticleTableViewCell.swift in Sources */,
				A0AF0011211D7C84004461A9 /* ArticleVC.swift in Sources */,
				A0AF000D211D7C29004461A9 /* RegionClimateVC.swift in Sources */,
				FCE6B01B211F113E009612EE /* CardView.swift in Sources */,
				FCE4341E211CC2EE0046790A /* AppDelegate.swift in Sources */,
				A0AF001D211D9210004461A9 /* MapModel.swift in Sources */,
				A0AF0014211D8103004461A9 /* CustomAlertView.swift in Sources */,
				A0AF000B211D7623004461A9 /* Constants.swift in Sources */,
				A0AF0018211D91A6004461A9 /* LocationManager.swift in Sources */,
			);
			runOnlyForDeploymentPostprocessing = 0;
		};
/* End PBXSourcesBuildPhase section */

/* Begin PBXVariantGroup section */
		FCE43421211CC2EE0046790A /* Main.storyboard */ = {
			isa = PBXVariantGroup;
			children = (
				FCE43422211CC2EE0046790A /* Base */,
			);
			name = Main.storyboard;
			sourceTree = "<group>";
		};
		FCE43429211CC2F00046790A /* LaunchScreen.storyboard */ = {
			isa = PBXVariantGroup;
			children = (
				FCE4342A211CC2F00046790A /* Base */,
			);
			name = LaunchScreen.storyboard;
			sourceTree = "<group>";
		};
/* End PBXVariantGroup section */

/* Begin XCBuildConfiguration section */
		FCE4342D211CC2F00046790A /* Debug */ = {
			isa = XCBuildConfiguration;
			buildSettings = {
				ALWAYS_SEARCH_USER_PATHS = NO;
				CLANG_ANALYZER_NONNULL = YES;
				CLANG_ANALYZER_NUMBER_OBJECT_CONVERSION = YES_AGGRESSIVE;
				CLANG_CXX_LANGUAGE_STANDARD = "gnu++14";
				CLANG_CXX_LIBRARY = "libc++";
				CLANG_ENABLE_MODULES = YES;
				CLANG_ENABLE_OBJC_ARC = YES;
				CLANG_ENABLE_OBJC_WEAK = YES;
				CLANG_WARN_BLOCK_CAPTURE_AUTORELEASING = YES;
				CLANG_WARN_BOOL_CONVERSION = YES;
				CLANG_WARN_COMMA = YES;
				CLANG_WARN_CONSTANT_CONVERSION = YES;
				CLANG_WARN_DEPRECATED_OBJC_IMPLEMENTATIONS = YES;
				CLANG_WARN_DIRECT_OBJC_ISA_USAGE = YES_ERROR;
				CLANG_WARN_DOCUMENTATION_COMMENTS = YES;
				CLANG_WARN_EMPTY_BODY = YES;
				CLANG_WARN_ENUM_CONVERSION = YES;
				CLANG_WARN_INFINITE_RECURSION = YES;
				CLANG_WARN_INT_CONVERSION = YES;
				CLANG_WARN_NON_LITERAL_NULL_CONVERSION = YES;
				CLANG_WARN_OBJC_IMPLICIT_RETAIN_SELF = YES;
				CLANG_WARN_OBJC_LITERAL_CONVERSION = YES;
				CLANG_WARN_OBJC_ROOT_CLASS = YES_ERROR;
				CLANG_WARN_RANGE_LOOP_ANALYSIS = YES;
				CLANG_WARN_STRICT_PROTOTYPES = YES;
				CLANG_WARN_SUSPICIOUS_MOVE = YES;
				CLANG_WARN_UNGUARDED_AVAILABILITY = YES_AGGRESSIVE;
				CLANG_WARN_UNREACHABLE_CODE = YES;
				CLANG_WARN__DUPLICATE_METHOD_MATCH = YES;
				CODE_SIGN_IDENTITY = "iPhone Developer";
				COPY_PHASE_STRIP = NO;
				DEBUG_INFORMATION_FORMAT = dwarf;
				ENABLE_STRICT_OBJC_MSGSEND = YES;
				ENABLE_TESTABILITY = YES;
				GCC_C_LANGUAGE_STANDARD = gnu11;
				GCC_DYNAMIC_NO_PIC = NO;
				GCC_NO_COMMON_BLOCKS = YES;
				GCC_OPTIMIZATION_LEVEL = 0;
				GCC_PREPROCESSOR_DEFINITIONS = (
					"DEBUG=1",
					"$(inherited)",
				);
				GCC_WARN_64_TO_32_BIT_CONVERSION = YES;
				GCC_WARN_ABOUT_RETURN_TYPE = YES_ERROR;
				GCC_WARN_UNDECLARED_SELECTOR = YES;
				GCC_WARN_UNINITIALIZED_AUTOS = YES_AGGRESSIVE;
				GCC_WARN_UNUSED_FUNCTION = YES;
				GCC_WARN_UNUSED_VARIABLE = YES;
				IPHONEOS_DEPLOYMENT_TARGET = 11.4;
				MTL_ENABLE_DEBUG_INFO = YES;
				ONLY_ACTIVE_ARCH = YES;
				SDKROOT = iphoneos;
				SWIFT_ACTIVE_COMPILATION_CONDITIONS = DEBUG;
				SWIFT_OPTIMIZATION_LEVEL = "-Onone";
			};
			name = Debug;
		};
		FCE4342E211CC2F00046790A /* Release */ = {
			isa = XCBuildConfiguration;
			buildSettings = {
				ALWAYS_SEARCH_USER_PATHS = NO;
				CLANG_ANALYZER_NONNULL = YES;
				CLANG_ANALYZER_NUMBER_OBJECT_CONVERSION = YES_AGGRESSIVE;
				CLANG_CXX_LANGUAGE_STANDARD = "gnu++14";
				CLANG_CXX_LIBRARY = "libc++";
				CLANG_ENABLE_MODULES = YES;
				CLANG_ENABLE_OBJC_ARC = YES;
				CLANG_ENABLE_OBJC_WEAK = YES;
				CLANG_WARN_BLOCK_CAPTURE_AUTORELEASING = YES;
				CLANG_WARN_BOOL_CONVERSION = YES;
				CLANG_WARN_COMMA = YES;
				CLANG_WARN_CONSTANT_CONVERSION = YES;
				CLANG_WARN_DEPRECATED_OBJC_IMPLEMENTATIONS = YES;
				CLANG_WARN_DIRECT_OBJC_ISA_USAGE = YES_ERROR;
				CLANG_WARN_DOCUMENTATION_COMMENTS = YES;
				CLANG_WARN_EMPTY_BODY = YES;
				CLANG_WARN_ENUM_CONVERSION = YES;
				CLANG_WARN_INFINITE_RECURSION = YES;
				CLANG_WARN_INT_CONVERSION = YES;
				CLANG_WARN_NON_LITERAL_NULL_CONVERSION = YES;
				CLANG_WARN_OBJC_IMPLICIT_RETAIN_SELF = YES;
				CLANG_WARN_OBJC_LITERAL_CONVERSION = YES;
				CLANG_WARN_OBJC_ROOT_CLASS = YES_ERROR;
				CLANG_WARN_RANGE_LOOP_ANALYSIS = YES;
				CLANG_WARN_STRICT_PROTOTYPES = YES;
				CLANG_WARN_SUSPICIOUS_MOVE = YES;
				CLANG_WARN_UNGUARDED_AVAILABILITY = YES_AGGRESSIVE;
				CLANG_WARN_UNREACHABLE_CODE = YES;
				CLANG_WARN__DUPLICATE_METHOD_MATCH = YES;
				CODE_SIGN_IDENTITY = "iPhone Developer";
				COPY_PHASE_STRIP = NO;
				DEBUG_INFORMATION_FORMAT = "dwarf-with-dsym";
				ENABLE_NS_ASSERTIONS = NO;
				ENABLE_STRICT_OBJC_MSGSEND = YES;
				GCC_C_LANGUAGE_STANDARD = gnu11;
				GCC_NO_COMMON_BLOCKS = YES;
				GCC_WARN_64_TO_32_BIT_CONVERSION = YES;
				GCC_WARN_ABOUT_RETURN_TYPE = YES_ERROR;
				GCC_WARN_UNDECLARED_SELECTOR = YES;
				GCC_WARN_UNINITIALIZED_AUTOS = YES_AGGRESSIVE;
				GCC_WARN_UNUSED_FUNCTION = YES;
				GCC_WARN_UNUSED_VARIABLE = YES;
				IPHONEOS_DEPLOYMENT_TARGET = 11.4;
				MTL_ENABLE_DEBUG_INFO = NO;
				SDKROOT = iphoneos;
				SWIFT_COMPILATION_MODE = wholemodule;
				SWIFT_OPTIMIZATION_LEVEL = "-O";
				VALIDATE_PRODUCT = YES;
			};
			name = Release;
		};
		FCE43430211CC2F00046790A /* Debug */ = {
			isa = XCBuildConfiguration;
			baseConfigurationReference = C2E905C4030A423B8308BC2A /* Pods-KisanHubAssignment.debug.xcconfig */;
			buildSettings = {
				ASSETCATALOG_COMPILER_APPICON_NAME = AppIcon;
				CODE_SIGN_STYLE = Automatic;
				INFOPLIST_FILE = KisanHubAssignment/Info.plist;
				IPHONEOS_DEPLOYMENT_TARGET = 10.0;
				LD_RUNPATH_SEARCH_PATHS = (
					"$(inherited)",
					"@executable_path/Frameworks",
				);
				PRODUCT_BUNDLE_IDENTIFIER = "Ashwinkumar-Mangrulkar.KisanHubAssignment";
				PRODUCT_NAME = "$(TARGET_NAME)";
				SWIFT_VERSION = 4.0;
				TARGETED_DEVICE_FAMILY = "1,2";
			};
			name = Debug;
		};
		FCE43431211CC2F00046790A /* Release */ = {
			isa = XCBuildConfiguration;
			baseConfigurationReference = D653A1827D1EDBBC29689313 /* Pods-KisanHubAssignment.release.xcconfig */;
			buildSettings = {
				ASSETCATALOG_COMPILER_APPICON_NAME = AppIcon;
				CODE_SIGN_STYLE = Automatic;
				INFOPLIST_FILE = KisanHubAssignment/Info.plist;
				IPHONEOS_DEPLOYMENT_TARGET = 10.0;
				LD_RUNPATH_SEARCH_PATHS = (
					"$(inherited)",
					"@executable_path/Frameworks",
				);
				PRODUCT_BUNDLE_IDENTIFIER = "Ashwinkumar-Mangrulkar.KisanHubAssignment";
				PRODUCT_NAME = "$(TARGET_NAME)";
				SWIFT_VERSION = 4.0;
				TARGETED_DEVICE_FAMILY = "1,2";
			};
			name = Release;
		};
/* End XCBuildConfiguration section */

/* Begin XCConfigurationList section */
		FCE43415211CC2ED0046790A /* Build configuration list for PBXProject "KisanHubAssignment" */ = {
			isa = XCConfigurationList;
			buildConfigurations = (
				FCE4342D211CC2F00046790A /* Debug */,
				FCE4342E211CC2F00046790A /* Release */,
			);
			defaultConfigurationIsVisible = 0;
			defaultConfigurationName = Release;
		};
		FCE4342F211CC2F00046790A /* Build configuration list for PBXNativeTarget "KisanHubAssignment" */ = {
			isa = XCConfigurationList;
			buildConfigurations = (
				FCE43430211CC2F00046790A /* Debug */,
				FCE43431211CC2F00046790A /* Release */,
			);
			defaultConfigurationIsVisible = 0;
			defaultConfigurationName = Release;
		};
/* End XCConfigurationList section */

/* Begin XCVersionGroup section */
		FCE43424211CC2EE0046790A /* KisanHubAssignment.xcdatamodeld */ = {
			isa = XCVersionGroup;
			children = (
				FCE43425211CC2EE0046790A /* KisanHubAssignment.xcdatamodel */,
			);
			currentVersion = FCE43425211CC2EE0046790A /* KisanHubAssignment.xcdatamodel */;
			path = KisanHubAssignment.xcdatamodeld;
			sourceTree = "<group>";
			versionGroupType = wrapper.xcdatamodel;
		};
/* End XCVersionGroup section */
	};
	rootObject = FCE43412211CC2ED0046790A /* Project object */;
}
