// !$*UTF8*$!
{
	archiveVersion = 1;
	classes = {
	};
	objectVersion = 50;
	objects = {

/* Begin PBXBuildFile section */
		FCE4341E211CC2EE0046790A /* AppDelegate.swift in Sources */ = {isa = PBXBuildFile; fileRef = FCE4341D211CC2EE0046790A /* AppDelegate.swift */; };
		FCE43420211CC2EE0046790A /* ViewController.swift in Sources */ = {isa = PBXBuildFile; fileRef = FCE4341F211CC2EE0046790A /* ViewController.swift */; };
		FCE43423211CC2EE0046790A /* Main.storyboard in Resources */ = {isa = PBXBuildFile; fileRef = FCE43421211CC2EE0046790A /* Main.storyboard */; };
		FCE43426211CC2EE0046790A /* KisanHubAssignment.xcdatamodeld in Sources */ = {isa = PBXBuildFile; fileRef = FCE43424211CC2EE0046790A /* KisanHubAssignment.xcdatamodeld */; };
		FCE43428211CC2F00046790A /* Assets.xcassets in Resources */ = {isa = PBXBuildFile; fileRef = FCE43427211CC2F00046790A /* Assets.xcassets */; };
		FCE4342B211CC2F00046790A /* LaunchScreen.storyboard in Resources */ = {isa = PBXBuildFile; fileRef = FCE43429211CC2F00046790A /* LaunchScreen.storyboard */; };
/* End PBXBuildFile section */

/* Begin PBXFileReference section */
		FCE4341A211CC2EE0046790A /* KisanHubAssignment.app */ = {isa = PBXFileReference; explicitFileType = wrapper.application; includeInIndex = 0; path = KisanHubAssignment.app; sourceTree = BUILT_PRODUCTS_DIR; };
		FCE4341D211CC2EE0046790A /* AppDelegate.swift */ = {isa = PBXFileReference; lastKnownFileType = sourcecode.swift; path = AppDelegate.swift; sourceTree = "<group>"; };
		FCE4341F211CC2EE0046790A /* ViewController.swift */ = {isa = PBXFileReference; lastKnownFileType = sourcecode.swift; path = ViewController.swift; sourceTree = "<group>"; };
		FCE43422211CC2EE0046790A /* Base */ = {isa = PBXFileReference; lastKnownFileType = file.storyboard; name = Base; path = Base.lproj/Main.storyboard; sourceTree = "<group>"; };
		FCE43425211CC2EE0046790A /* KisanHubAssignment.xcdatamodel */ = {isa = PBXFileReference; lastKnownFileType = wrapper.xcdatamodel; path = KisanHubAssignment.xcdatamodel; sourceTree = "<group>"; };
		FCE43427211CC2F00046790A /* Assets.xcassets */ = {isa = PBXFileReference; lastKnownFileType = folder.assetcatalog; path = Assets.xcassets; sourceTree = "<group>"; };
		FCE4342A211CC2F00046790A /* Base */ = {isa = PBXFileReference; lastKnownFileType = file.storyboard; name = Base; path = Base.lproj/LaunchScreen.storyboard; sourceTree = "<group>"; };
		FCE4342C211CC2F00046790A /* Info.plist */ = {isa = PBXFileReference; lastKnownFileType = text.plist.xml; path = Info.plist; sourceTree = "<group>"; };
/* End PBXFileReference section */

/* Begin PBXFrameworksBuildPhase section */
		FCE43417211CC2ED0046790A /* Frameworks */ = {
			isa = PBXFrameworksBuildPhase;
			buildActionMask = 2147483647;
			files = (
			);
			runOnlyForDeploymentPostprocessing = 0;
		};
/* End PBXFrameworksBuildPhase section */

/* Begin PBXGroup section */
		FCE43411211CC2ED0046790A = {
			isa = PBXGroup;
			children = (
				FCE4341C211CC2EE0046790A /* KisanHubAssignment */,
				FCE4341B211CC2EE0046790A /* Products */,
			);
			sourceTree = "<group>";
		};
		FCE4341B211CC2EE0046790A /* Products */ = {
			isa = PBXGroup;
			children = (
				FCE4341A211CC2EE0046790A /* KisanHubAssignment.app */,
			);
			name = Products;
			sourceTree = "<group>";
		};
		FCE4341C211CC2EE0046790A /* KisanHubAssignment */ = {
			isa = PBXGroup;
			children = (
				FCE4341D211CC2EE0046790A /* AppDelegate.swift */,
				FCE4341F211CC2EE0046790A /* ViewController.swift */,
				FCE43421211CC2EE0046790A /* Main.storyboard */,
				FCE43427211CC2F00046790A /* Assets.xcassets */,
				FCE43429211CC2F00046790A /* LaunchScreen.storyboard */,
				FCE4342C211CC2F00046790A /* Info.plist */,
				FCE43424211CC2EE0046790A /* KisanHubAssignment.xcdatamodeld */,
			);
			path = KisanHubAssignment;
			sourceTree = "<group>";
		};
/* End PBXGroup section */

/* Begin PBXNativeTarget section */
		FCE43419211CC2ED0046790A /* KisanHubAssignment */ = {
			isa = PBXNativeTarget;
			buildConfigurationList = FCE4342F211CC2F00046790A /* Build configuration list for PBXNativeTarget "KisanHubAssignment" */;
			buildPhases = (
				FCE43416211CC2ED0046790A /* Sources */,
				FCE43417211CC2ED0046790A /* Frameworks */,
				FCE43418211CC2ED0046790A /* Resources */,
			);
			buildRules = (
			);
			dependencies = (
			);
			name = KisanHubAssignment;
			productName = KisanHubAssignment;
			productReference = FCE4341A211CC2EE0046790A /* KisanHubAssignment.app */;
			productType = "com.apple.product-type.application";
		};
/* End PBXNativeTarget section */

/* Begin PBXProject section */
		FCE43412211CC2ED0046790A /* Project object */ = {
			isa = PBXProject;
			attributes = {
				LastSwiftUpdateCheck = 0940;
				LastUpgradeCheck = 0940;
				ORGANIZATIONNAME = "Ashwinkumar Mangrulkar";
				TargetAttributes = {
					FCE43419211CC2ED0046790A = {
						CreatedOnToolsVersion = 9.4.1;
					};
				};
			};
			buildConfigurationList = FCE43415211CC2ED0046790A /* Build configuration list for PBXProject "KisanHubAssignment" */;
			compatibilityVersion = "Xcode 9.3";
			developmentRegion = en;
			hasScannedForEncodings = 0;
			knownRegions = (
				en,
				Base,
			);
			mainGroup = FCE43411211CC2ED0046790A;
			productRefGroup = FCE4341B211CC2EE0046790A /* Products */;
			projectDirPath = "";
			projectRoot = "";
			targets = (
				FCE43419211CC2ED0046790A /* KisanHubAssignment */,
			);
		};
/* End PBXProject section */

/* Begin PBXResourcesBuildPhase section */
		FCE43418211CC2ED0046790A /* Resources */ = {
			isa = PBXResourcesBuildPhase;
			buildActionMask = 2147483647;
			files = (
				FCE4342B211CC2F00046790A /* LaunchScreen.storyboard in Resources */,
				FCE43428211CC2F00046790A /* Assets.xcassets in Resources */,
				FCE43423211CC2EE0046790A /* Main.storyboard in Resources */,
			);
			runOnlyForDeploymentPostprocessing = 0;
		};
/* End PBXResourcesBuildPhase section */

/* Begin PBXSourcesBuildPhase section */
		FCE43416211CC2ED0046790A /* Sources */ = {
			isa = PBXSourcesBuildPhase;
			buildActionMask = 2147483647;
			files = (
				FCE43420211CC2EE0046790A /* ViewController.swift in Sources */,
				FCE43426211CC2EE0046790A /* KisanHubAssignment.xcdatamodeld in Sources */,
				FCE4341E211CC2EE0046790A /* AppDelegate.swift in Sources */,
			);
			runOnlyForDeploymentPostprocessing = 0;
		};
/* End PBXSourcesBuildPhase section */

/* Begin PBXVariantGroup section */
		FCE43421211CC2EE0046790A /* Main.storyboard */ = {
			isa = PBXVariantGroup;
			children = (
				FCE43422211CC2EE0046790A /* Base */,
			);
			name = Main.storyboard;
			sourceTree = "<group>";
		};
		FCE43429211CC2F00046790A /* LaunchScreen.storyboard */ = {
			isa = PBXVariantGroup;
			children = (
				FCE4342A211CC2F00046790A /* Base */,
			);
			name = LaunchScreen.storyboard;
			sourceTree = "<group>";
		};
/* End PBXVariantGroup section */

/* Begin XCBuildConfiguration section */
		FCE4342D211CC2F00046790A /* Debug */ = {
			isa = XCBuildConfiguration;
			buildSettings = {
				ALWAYS_SEARCH_USER_PATHS = NO;
				CLANG_ANALYZER_NONNULL = YES;
				CLANG_ANALYZER_NUMBER_OBJECT_CONVERSION = YES_AGGRESSIVE;
				CLANG_CXX_LANGUAGE_STANDARD = "gnu++14";
				CLANG_CXX_LIBRARY = "libc++";
				CLANG_ENABLE_MODULES = YES;
				CLANG_ENABLE_OBJC_ARC = YES;
				CLANG_ENABLE_OBJC_WEAK = YES;
				CLANG_WARN_BLOCK_CAPTURE_AUTORELEASING = YES;
				CLANG_WARN_BOOL_CONVERSION = YES;
				CLANG_WARN_COMMA = YES;
				CLANG_WARN_CONSTANT_CONVERSION = YES;
				CLANG_WARN_DEPRECATED_OBJC_IMPLEMENTATIONS = YES;
				CLANG_WARN_DIRECT_OBJC_ISA_USAGE = YES_ERROR;
				CLANG_WARN_DOCUMENTATION_COMMENTS = YES;
				CLANG_WARN_EMPTY_BODY = YES;
				CLANG_WARN_ENUM_CONVERSION = YES;
				CLANG_WARN_INFINITE_RECURSION = YES;
				CLANG_WARN_INT_CONVERSION = YES;
				CLANG_WARN_NON_LITERAL_NULL_CONVERSION = YES;
				CLANG_WARN_OBJC_IMPLICIT_RETAIN_SELF = YES;
				CLANG_WARN_OBJC_LITERAL_CONVERSION = YES;
				CLANG_WARN_OBJC_ROOT_CLASS = YES_ERROR;
				CLANG_WARN_RANGE_LOOP_ANALYSIS = YES;
				CLANG_WARN_STRICT_PROTOTYPES = YES;
				CLANG_WARN_SUSPICIOUS_MOVE = YES;
				CLANG_WARN_UNGUARDED_AVAILABILITY = YES_AGGRESSIVE;
				CLANG_WARN_UNREACHABLE_CODE = YES;
				CLANG_WARN__DUPLICATE_METHOD_MATCH = YES;
				CODE_SIGN_IDENTITY = "iPhone Developer";
				COPY_PHASE_STRIP = NO;
				DEBUG_INFORMATION_FORMAT = dwarf;
				ENABLE_STRICT_OBJC_MSGSEND = YES;
				ENABLE_TESTABILITY = YES;
				GCC_C_LANGUAGE_STANDARD = gnu11;
				GCC_DYNAMIC_NO_PIC = NO;
				GCC_NO_COMMON_BLOCKS = YES;
				GCC_OPTIMIZATION_LEVEL = 0;
				GCC_PREPROCESSOR_DEFINITIONS = (
					"DEBUG=1",
					"$(inherited)",
				);
				GCC_WARN_64_TO_32_BIT_CONVERSION = YES;
				GCC_WARN_ABOUT_RETURN_TYPE = YES_ERROR;
				GCC_WARN_UNDECLARED_SELECTOR = YES;
				GCC_WARN_UNINITIALIZED_AUTOS = YES_AGGRESSIVE;
				GCC_WARN_UNUSED_FUNCTION = YES;
				GCC_WARN_UNUSED_VARIABLE = YES;
				IPHONEOS_DEPLOYMENT_TARGET = 11.4;
				MTL_ENABLE_DEBUG_INFO = YES;
				ONLY_ACTIVE_ARCH = YES;
				SDKROOT = iphoneos;
				SWIFT_ACTIVE_COMPILATION_CONDITIONS = DEBUG;
				SWIFT_OPTIMIZATION_LEVEL = "-Onone";
			};
			name = Debug;
		};
		FCE4342E211CC2F00046790A /* Release */ = {
			isa = XCBuildConfiguration;
			buildSettings = {
				ALWAYS_SEARCH_USER_PATHS = NO;
				CLANG_ANALYZER_NONNULL = YES;
				CLANG_ANALYZER_NUMBER_OBJECT_CONVERSION = YES_AGGRESSIVE;
				CLANG_CXX_LANGUAGE_STANDARD = "gnu++14";
				CLANG_CXX_LIBRARY = "libc++";
				CLANG_ENABLE_MODULES = YES;
				CLANG_ENABLE_OBJC_ARC = YES;
				CLANG_ENABLE_OBJC_WEAK = YES;
				CLANG_WARN_BLOCK_CAPTURE_AUTORELEASING = YES;
				CLANG_WARN_BOOL_CONVERSION = YES;
				CLANG_WARN_COMMA = YES;
				CLANG_WARN_CONSTANT_CONVERSION = YES;
				CLANG_WARN_DEPRECATED_OBJC_IMPLEMENTATIONS = YES;
				CLANG_WARN_DIRECT_OBJC_ISA_USAGE = YES_ERROR;
				CLANG_WARN_DOCUMENTATION_COMMENTS = YES;
				CLANG_WARN_EMPTY_BODY = YES;
				CLANG_WARN_ENUM_CONVERSION = YES;
				CLANG_WARN_INFINITE_RECURSION = YES;
				CLANG_WARN_INT_CONVERSION = YES;
				CLANG_WARN_NON_LITERAL_NULL_CONVERSION = YES;
				CLANG_WARN_OBJC_IMPLICIT_RETAIN_SELF = YES;
				CLANG_WARN_OBJC_LITERAL_CONVERSION = YES;
				CLANG_WARN_OBJC_ROOT_CLASS = YES_ERROR;
				CLANG_WARN_RANGE_LOOP_ANALYSIS = YES;
				CLANG_WARN_STRICT_PROTOTYPES = YES;
				CLANG_WARN_SUSPICIOUS_MOVE = YES;
				CLANG_WARN_UNGUARDED_AVAILABILITY = YES_AGGRESSIVE;
				CLANG_WARN_UNREACHABLE_CODE = YES;
				CLANG_WARN__DUPLICATE_METHOD_MATCH = YES;
				CODE_SIGN_IDENTITY = "iPhone Developer";
				COPY_PHASE_STRIP = NO;
				DEBUG_INFORMATION_FORMAT = "dwarf-with-dsym";
				ENABLE_NS_ASSERTIONS = NO;
				ENABLE_STRICT_OBJC_MSGSEND = YES;
				GCC_C_LANGUAGE_STANDARD = gnu11;
				GCC_NO_COMMON_BLOCKS = YES;
				GCC_WARN_64_TO_32_BIT_CONVERSION = YES;
				GCC_WARN_ABOUT_RETURN_TYPE = YES_ERROR;
				GCC_WARN_UNDECLARED_SELECTOR = YES;
				GCC_WARN_UNINITIALIZED_AUTOS = YES_AGGRESSIVE;
				GCC_WARN_UNUSED_FUNCTION = YES;
				GCC_WARN_UNUSED_VARIABLE = YES;
				IPHONEOS_DEPLOYMENT_TARGET = 11.4;
				MTL_ENABLE_DEBUG_INFO = NO;
				SDKROOT = iphoneos;
				SWIFT_COMPILATION_MODE = wholemodule;
				SWIFT_OPTIMIZATION_LEVEL = "-O";
				VALIDATE_PRODUCT = YES;
			};
			name = Release;
		};
		FCE43430211CC2F00046790A /* Debug */ = {
			isa = XCBuildConfiguration;
			buildSettings = {
				ASSETCATALOG_COMPILER_APPICON_NAME = AppIcon;
				CODE_SIGN_STYLE = Automatic;
				INFOPLIST_FILE = KisanHubAssignment/Info.plist;
				IPHONEOS_DEPLOYMENT_TARGET = 10.0;
				LD_RUNPATH_SEARCH_PATHS = (
					"$(inherited)",
					"@executable_path/Frameworks",
				);
				PRODUCT_BUNDLE_IDENTIFIER = "Ashwinkumar-Mangrulkar.KisanHubAssignment";
				PRODUCT_NAME = "$(TARGET_NAME)";
				SWIFT_VERSION = 4.0;
				TARGETED_DEVICE_FAMILY = "1,2";
			};
			name = Debug;
		};
		FCE43431211CC2F00046790A /* Release */ = {
			isa = XCBuildConfiguration;
			buildSettings = {
				ASSETCATALOG_COMPILER_APPICON_NAME = AppIcon;
				CODE_SIGN_STYLE = Automatic;
				INFOPLIST_FILE = KisanHubAssignment/Info.plist;
				IPHONEOS_DEPLOYMENT_TARGET = 10.0;
				LD_RUNPATH_SEARCH_PATHS = (
					"$(inherited)",
					"@executable_path/Frameworks",
				);
				PRODUCT_BUNDLE_IDENTIFIER = "Ashwinkumar-Mangrulkar.KisanHubAssignment";
				PRODUCT_NAME = "$(TARGET_NAME)";
				SWIFT_VERSION = 4.0;
				TARGETED_DEVICE_FAMILY = "1,2";
			};
			name = Release;
		};
/* End XCBuildConfiguration section */

/* Begin XCConfigurationList section */
		FCE43415211CC2ED0046790A /* Build configuration list for PBXProject "KisanHubAssignment" */ = {
			isa = XCConfigurationList;
			buildConfigurations = (
				FCE4342D211CC2F00046790A /* Debug */,
				FCE4342E211CC2F00046790A /* Release */,
			);
			defaultConfigurationIsVisible = 0;
			defaultConfigurationName = Release;
		};
		FCE4342F211CC2F00046790A /* Build configuration list for PBXNativeTarget "KisanHubAssignment" */ = {
			isa = XCConfigurationList;
			buildConfigurations = (
				FCE43430211CC2F00046790A /* Debug */,
				FCE43431211CC2F00046790A /* Release */,
			);
			defaultConfigurationIsVisible = 0;
			defaultConfigurationName = Release;
		};
/* End XCConfigurationList section */

/* Begin XCVersionGroup section */
		FCE43424211CC2EE0046790A /* KisanHubAssignment.xcdatamodeld */ = {
			isa = XCVersionGroup;
			children = (
				FCE43425211CC2EE0046790A /* KisanHubAssignment.xcdatamodel */,
			);
			currentVersion = FCE43425211CC2EE0046790A /* KisanHubAssignment.xcdatamodel */;
			path = KisanHubAssignment.xcdatamodeld;
			sourceTree = "<group>";
			versionGroupType = wrapper.xcdatamodel;
		};
/* End XCVersionGroup section */
	};
	rootObject = FCE43412211CC2ED0046790A /* Project object */;
}
